
Microsoft Visual Studio Solution File, Format Version 12.00
# Visual Studio 15
VisualStudioVersion = 15.0.27703.2035
MinimumVisualStudioVersion = 10.0.40219.1
Project("{FAE04EC0-301F-11D3-BF4B-00C04F79EFBC}") = "Carubbi.DAL", "Carubbi.DAL\Carubbi.DAL.csproj", "{1514E554-C13A-43CA-AE78-8C9C68AB6174}"
EndProject
Project("{FAE04EC0-301F-11D3-BF4B-00C04F79EFBC}") = "Carubbi.DAL.Interfaces", "Carubbi.DAL.Interfaces\Carubbi.DAL.Interfaces.csproj", "{D7F53BE8-CB17-4AE8-B60B-363D365D02D1}"
EndProject
Global
	GlobalSection(SolutionConfigurationPlatforms) = preSolution
		Debug|Any CPU = Debug|Any CPU
		Release|Any CPU = Release|Any CPU
	EndGlobalSection
	GlobalSection(ProjectConfigurationPlatforms) = postSolution
		{1514E554-C13A-43CA-AE78-8C9C68AB6174}.Debug|Any CPU.ActiveCfg = Debug|Any CPU
		{1514E554-C13A-43CA-AE78-8C9C68AB6174}.Debug|Any CPU.Build.0 = Debug|Any CPU
		{1514E554-C13A-43CA-AE78-8C9C68AB6174}.Release|Any CPU.ActiveCfg = Release|Any CPU
		{1514E554-C13A-43CA-AE78-8C9C68AB6174}.Release|Any CPU.Build.0 = Release|Any CPU
		{D7F53BE8-CB17-4AE8-B60B-363D365D02D1}.Debug|Any CPU.ActiveCfg = Debug|Any CPU
		{D7F53BE8-CB17-4AE8-B60B-363D365D02D1}.Debug|Any CPU.Build.0 = Debug|Any CPU
		{D7F53BE8-CB17-4AE8-B60B-363D365D02D1}.Release|Any CPU.ActiveCfg = Release|Any CPU
		{D7F53BE8-CB17-4AE8-B60B-363D365D02D1}.Release|Any CPU.Build.0 = Release|Any CPU
	EndGlobalSection
	GlobalSection(SolutionProperties) = preSolution
		HideSolutionNode = FALSE
	EndGlobalSection
	GlobalSection(ExtensibilityGlobals) = postSolution
		SolutionGuid = {A48055B8-7BB9-4F09-866A-A482C364FA08}
	EndGlobalSection
EndGlobal
